
Microsoft Visual Studio Solution File, Format Version 12.00
# Visual Studio 2013
VisualStudioVersion = 12.0.30723.0
MinimumVisualStudioVersion = 10.0.40219.1
Project("{FAE04EC0-301F-11D3-BF4B-00C04F79EFBC}") = "Problem-1-Joro-The-Football-Player-Boncho-Valkov", "Problem-1-Joro-The-Football-Player-Boncho-Valkov\Problem-1-Joro-The-Football-Player-Boncho-Valkov.csproj", "{BF02D674-B809-491B-958A-16EB9D3C1E19}"
EndProject
Project("{FAE04EC0-301F-11D3-BF4B-00C04F79EFBC}") = "Problem-2-Half-Sum", "Problem-2-Half-Sum\Problem-2-Half-Sum.csproj", "{A223D239-304A-4309-A719-679445EEB831}"
EndProject
Project("{FAE04EC0-301F-11D3-BF4B-00C04F79EFBC}") = "Problem-3-Sunglasses", "Problem-3-Sunglasses\Problem-3-Sunglasses.csproj", "{78B4DE71-DDBC-47EC-B9A2-694DC752A93F}"
EndProject
Project("{FAE04EC0-301F-11D3-BF4B-00C04F79EFBC}") = "Problem-4-Nine-Digit-Magic-Numbers", "Problem-4-Nine-Digit-Magic-Numbers\Problem-4-Nine-Digit-Magic-Numbers.csproj", "{98B68D65-C205-418B-B4CF-37C798DA6766}"
EndProject
Project("{FAE04EC0-301F-11D3-BF4B-00C04F79EFBC}") = "Problem-5-Bits-Inverter", "Problem-5-Bits-Inverter\Problem-5-Bits-Inverter.csproj", "{F3C23BAF-8299-4FF5-985D-68D6D64135BD}"
EndProject
Project("{2150E333-8FDC-42A3-9474-1A3956D46DE8}") = "Exam-April-2014-Variant-1", "Exam-April-2014-Variant-1", "{1BA4BABF-26EA-463A-ADEB-E835EB0D1FBA}"
EndProject
Project("{2150E333-8FDC-42A3-9474-1A3956D46DE8}") = "Exam-April-2014-Variant-2", "Exam-April-2014-Variant-2", "{12D77885-3110-4BF5-8959-8040702A82D7}"
EndProject
Project("{FAE04EC0-301F-11D3-BF4B-00C04F79EFBC}") = "Problem-1-Volleyball", "Problem-1-Volleyball\Problem-1-Volleyball.csproj", "{E0AEFCE8-4886-4790-B62F-0392494D3574}"
EndProject
Project("{FAE04EC0-301F-11D3-BF4B-00C04F79EFBC}") = "Problem-2-Odd-Even-Sum", "Problem-2-Odd-Even-Sum\Problem-2-Odd-Even-Sum.csproj", "{0633402C-1931-4B69-864E-CDDFCAF57045}"
EndProject
Project("{FAE04EC0-301F-11D3-BF4B-00C04F79EFBC}") = "Problem-3-Eclipse", "Problem-3-Eclipse\Problem-3-Eclipse.csproj", "{4851C9BE-8CB2-4FB4-A05F-987ADEEF5C56}"
EndProject
Project("{2150E333-8FDC-42A3-9474-1A3956D46DE8}") = "Others", "Others", "{8B79DAC1-FE4A-4F69-8B60-5C53B9458ED2}"
EndProject
Project("{FAE04EC0-301F-11D3-BF4B-00C04F79EFBC}") = "Problem-3-Forest-Road", "Problem-3-Forest-Road\Problem-3-Forest-Road.csproj", "{DE065552-F5CC-46E4-9F37-BA82F51BF1DA}"
EndProject
Project("{FAE04EC0-301F-11D3-BF4B-00C04F79EFBC}") = "~Problem-5-Subset-Sums", "Problem-5-Subset-Sums\~Problem-5-Subset-Sums.csproj", "{F0EEB465-1C2E-4D7A-9CEA-807449B5DDAD}"
EndProject
Project("{2150E333-8FDC-42A3-9474-1A3956D46DE8}") = "Подготовка за изпит - C Sharp част I (Niki)", "Подготовка за изпит - C Sharp част I (Niki)", "{26A89709-DB2E-4537-B625-266D38BC285E}"
EndProject
Project("{FAE04EC0-301F-11D3-BF4B-00C04F79EFBC}") = "~Problem-4-Binary-Digits-Count", "Problem-4-Binary-Digits-Count\~Problem-4-Binary-Digits-Count.csproj", "{A408BD0F-0830-4051-AE02-FE2739088CB9}"
EndProject
Project("{2150E333-8FDC-42A3-9474-1A3956D46DE8}") = "Подготовка за изпит - C Sharp част 1-", "Подготовка за изпит - C Sharp част 1-", "{2667EBB2-EF62-4E7D-A541-C82CF7696A8C}"
EndProject
Project("{FAE04EC0-301F-11D3-BF4B-00C04F79EFBC}") = "Problem-1-MathExpression", "Problem-1-MathExpression\Problem-1-MathExpression.csproj", "{C0D86488-EEBC-4EB5-873F-5A8D2565022B}"
EndProject
Project("{FAE04EC0-301F-11D3-BF4B-00C04F79EFBC}") = "Problem-2-LeastMajorityMultiple", "Problem-2-LeastMajorityMultiple\Problem-2-LeastMajorityMultiple.csproj", "{4F7C1393-A125-4D63-BE2F-9C8D25150BFF}"
EndProject
Project("{FAE04EC0-301F-11D3-BF4B-00C04F79EFBC}") = "Problem-3-Trapezoid", "Problem-3-Trapezoid\Problem-3-Trapezoid.csproj", "{1747B0BC-185E-4209-9646-605CB9D9CC49}"
EndProject
Project("{FAE04EC0-301F-11D3-BF4B-00C04F79EFBC}") = "Problem-4-OddNumber", "Problem-4-OddNumber\Problem-4-OddNumber.csproj", "{D1F4A460-3C84-478E-B670-387022BF0003}"
EndProject
Project("{FAE04EC0-301F-11D3-BF4B-00C04F79EFBC}") = "Problem-4-Hayvan-Numbers", "Problem-4-Hayvan-Numbers\Problem-4-Hayvan-Numbers.csproj", "{35D465A1-0126-450D-AF89-198A83475118}"
EndProject
Project("{FAE04EC0-301F-11D3-BF4B-00C04F79EFBC}") = "Problem-5-BitsUp", "Problem-5-BitsUp\Problem-5-BitsUp.csproj", "{F5AE9D4C-F7D6-4FCC-B238-20BAA27EE9FF}"
EndProject
Project("{2150E333-8FDC-42A3-9474-1A3956D46DE8}") = "Exam-April-2014-Variant-3", "Exam-April-2014-Variant-3", "{CA9AC99B-1589-4625-BB05-2A4EBDD70136}"
EndProject
Project("{FAE04EC0-301F-11D3-BF4B-00C04F79EFBC}") = "Problem-1-Work-Hours", "Problem-1-Work-Hours\Problem-1-Work-Hours.csproj", "{2A044045-3CCE-40DB-A300-8267C2F669DA}"
EndProject
Project("{FAE04EC0-301F-11D3-BF4B-00C04F79EFBC}") = "Problem-2-Sum-of-Elements", "Problem-2-Sum-of-Elements\Problem-2-Sum-of-Elements.csproj", "{1FE14A22-58C9-45EC-92DE-32560F43DDE2}"
EndProject
Project("{FAE04EC0-301F-11D3-BF4B-00C04F79EFBC}") = "Problem-3-The-Explorer", "Problem-3-The-Explorer\Problem-3-The-Explorer.csproj", "{CCB39E5F-12B1-492D-AD91-922BEA389710}"
EndProject
Project("{FAE04EC0-301F-11D3-BF4B-00C04F79EFBC}") = "Problem-4-Magic-Strings", "Problem-4-Magic-Strings\Problem-4-Magic-Strings.csproj", "{ACC0918A-7623-49E2-90C5-25695F26F7DF}"
EndProject
Project("{FAE04EC0-301F-11D3-BF4B-00C04F79EFBC}") = "Problem-5-Bit-Sifting", "Problem-5-Bit-Sifting\Problem-5-Bit-Sifting.csproj", "{A512EF3B-5D3E-4909-BDA7-5D17106C2550}"
EndProject
Project("{2150E333-8FDC-42A3-9474-1A3956D46DE8}") = "Подготовка за изпит - C Sharp част 1", "Подготовка за изпит - C Sharp част 1", "{501D4D36-3A12-4D94-9372-33188482453A}"
EndProject
Project("{FAE04EC0-301F-11D3-BF4B-00C04F79EFBC}") = "Problem-1-Fightter-Attack", "Problem-1-Fightter-Attack\Problem-1-Fightter-Attack.csproj", "{04CA4F5B-53CD-49D3-9F85-F4653AAA1AA8}"
EndProject
Project("{FAE04EC0-301F-11D3-BF4B-00C04F79EFBC}") = "Problem-2-Astrological-Digits", "Problem-2-Astrological-Digits\Problem-2-Astrological-Digits.csproj", "{F7F4AD05-3942-4B07-A87F-CF22E39BF74E}"
EndProject
Project("{2150E333-8FDC-42A3-9474-1A3956D46DE8}") = "CSharp част I - подготовка за изпит - вариант I (Наков)", "CSharp част I - подготовка за изпит - вариант I (Наков)", "{E79EEB88-7522-49E0-96BC-F81DC0A02D49}"
EndProject
Project("{FAE04EC0-301F-11D3-BF4B-00C04F79EFBC}") = "Problem-1-ShipDamage", "Problem-1-ShipDamage\Problem-1-ShipDamage.csproj", "{87A62436-09EB-4984-9ADD-04D0B2CA5DB4}"
EndProject
Project("{FAE04EC0-301F-11D3-BF4B-00C04F79EFBC}") = "Problem-2-Tribunacci", "Problem-2-Tribunacci\Problem-2-Tribunacci.csproj", "{4D28CA4E-2919-4978-80F2-45A40D1B130F}"
EndProject
Project("{FAE04EC0-301F-11D3-BF4B-00C04F79EFBC}") = "Problem-3-FirTree", "Problem-3-FirTree\Problem-3-FirTree.csproj", "{0800055B-13ED-4158-9099-1F2EEF7267D0}"
EndProject
Project("{FAE04EC0-301F-11D3-BF4B-00C04F79EFBC}") = "Problem-5-Pillars", "Problem-5-Pillars\Problem-5-Pillars.csproj", "{7748FB79-514D-43FD-96C2-23884DDEC58A}"
EndProject
Project("{FAE04EC0-301F-11D3-BF4B-00C04F79EFBC}") = "Problem-4-WeAllLoveBits", "Problem-4-WeAllLoveBits\Problem-4-WeAllLoveBits.csproj", "{6DD363A6-41A5-4867-9D06-8844CEFA58AA}"
EndProject
Project("{2150E333-8FDC-42A3-9474-1A3956D46DE8}") = "Exam-April-2014-Variant-4", "Exam-April-2014-Variant-4", "{5542588D-47E8-484B-8236-ECAD1ED8B13C}"
EndProject
Project("{FAE04EC0-301F-11D3-BF4B-00C04F79EFBC}") = "Problem-1-Cinema", "Problem-1-Cinema\Problem-1-Cinema.csproj", "{C2107FCF-DDE1-434C-94DA-8F2FED31AD9F}"
EndProject
Project("{FAE04EC0-301F-11D3-BF4B-00C04F79EFBC}") = "Problem-2-Illuminati", "Problem-2-Illuminati\Problem-2-Illuminati.csproj", "{AC358F56-81D7-462E-BB7D-FA4200C806EE}"
EndProject
Project("{FAE04EC0-301F-11D3-BF4B-00C04F79EFBC}") = "Problem-3-New-House", "Problem-3-New-House\Problem-3-New-House.csproj", "{ED092F72-3B49-406F-A3A5-AB62570654D6}"
EndProject
Project("{2150E333-8FDC-42A3-9474-1A3956D46DE8}") = "Exam-April-2014-Variant-5", "Exam-April-2014-Variant-5", "{5D96F860-6B28-4185-8E4B-426854F8C86D}"
EndProject
Project("{FAE04EC0-301F-11D3-BF4B-00C04F79EFBC}") = "Problem-1-Triangle", "Problem-1-Triangle\Problem-1-Triangle.csproj", "{242009B2-C3D6-4DFB-B20E-952313C9D127}"
EndProject
Project("{FAE04EC0-301F-11D3-BF4B-00C04F79EFBC}") = "Problem-2-Pairs", "Problem-2-Pairs\Problem-2-Pairs.csproj", "{8C8EE9BD-B084-468E-8CBC-FB5A4F9C212A}"
EndProject
Project("{FAE04EC0-301F-11D3-BF4B-00C04F79EFBC}") = "Problem-3-House", "Problem-3-House\Problem-3-House.csproj", "{B270E773-34C9-40E4-8895-26FCFC86B6BE}"
EndProject
Project("{2150E333-8FDC-42A3-9474-1A3956D46DE8}") = "Exam-April-2014-Variant-6", "Exam-April-2014-Variant-6", "{3D08E3F6-D3D5-4E86-A4C2-239BD93B1891}"
EndProject
Project("{FAE04EC0-301F-11D3-BF4B-00C04F79EFBC}") = "Problem-1-Exam-Schedule", "Problem-1-Exam-Schedule\Problem-1-Exam-Schedule.csproj", "{8468C457-836A-43FE-A9C0-CAEB457DCE75}"
EndProject
Project("{FAE04EC0-301F-11D3-BF4B-00C04F79EFBC}") = "Problem-2-Odd-Even-Elements", "Problem-2-Odd-Even-Elements\Problem-2-Odd-Even-Elements.csproj", "{031BCB0C-967F-4711-B94C-91389F559418}"
EndProject
Project("{FAE04EC0-301F-11D3-BF4B-00C04F79EFBC}") = "Problem-3-Arrow", "Problem-3-Arrow\Problem-3-Arrow.csproj", "{2DC3BD17-AAB6-45AC-8E92-3A4E9DF3115F}"
EndProject
Project("{2150E333-8FDC-42A3-9474-1A3956D46DE8}") = "Exam-April-2014-Variant-7", "Exam-April-2014-Variant-7", "{E44188A0-B046-4F8D-92E9-3EF46938C69C}"
EndProject
Project("{FAE04EC0-301F-11D3-BF4B-00C04F79EFBC}") = "Problem-1-Fruit-Market", "Problem-1-Fruit-Market\Problem-1-Fruit-Market.csproj", "{8823BED8-0A01-4352-AEEE-A981000C3E6C}"
EndProject
Project("{FAE04EC0-301F-11D3-BF4B-00C04F79EFBC}") = "Problem-2-Biggest-Triple", "Problem-2-Biggest-Triple\Problem-2-Biggest-Triple.csproj", "{52296DE2-BAB5-4E31-8CEF-EA86EF37D6A7}"
EndProject
Project("{FAE04EC0-301F-11D3-BF4B-00C04F79EFBC}") = "Problem-3-Wine-Glass", "Problem-3-Wine-Glass\Problem-3-Wine-Glass.csproj", "{55D378EF-9E0F-4EBE-AB30-0810E9642827}"
EndProject
Project("{2150E333-8FDC-42A3-9474-1A3956D46DE8}") = "Exam-April-2014-Variant-8", "Exam-April-2014-Variant-8", "{DCE261AE-D569-4E96-B972-8FFEDE935F9E}"
EndProject
Project("{FAE04EC0-301F-11D3-BF4B-00C04F79EFBC}") = "Problem-3-Programmer-DNA", "Problem-3-Programmer-DNA\Problem-3-Programmer-DNA.csproj", "{56DC1DFC-051E-4176-997A-420B038B7D19}"
EndProject
Project("{FAE04EC0-301F-11D3-BF4B-00C04F79EFBC}") = "Problem-1-Inside-the-Building", "Problem-1-Inside-the-Building\Problem-1-Inside-the-Building.csproj", "{3C01E704-F7F4-412A-AA66-6E81BEDCC551}"
EndProject
Project("{2150E333-8FDC-42A3-9474-1A3956D46DE8}") = "Exam-25-July-2014-Morning", "Exam-25-July-2014-Morning", "{8B0F3506-6C16-4E7E-92AB-B39340FDF4DC}"
EndProject
Project("{FAE04EC0-301F-11D3-BF4B-00C04F79EFBC}") = "Problem-5-Bit-Paths", "Problem-5-Bit-Paths\Problem-5-Bit-Paths.csproj", "{A793F195-78D5-4CEF-A1AF-F3EC8083A5A9}"
EndProject
Project("{FAE04EC0-301F-11D3-BF4B-00C04F79EFBC}") = "Problem-1-Melons-and-Watermelons", "Problem-1-Melons-and-Watermelons\Problem-1-Melons-and-Watermelons.csproj", "{464B3C1E-7F31-4995-B530-A78D271DD54B}"
EndProject
Project("{FAE04EC0-301F-11D3-BF4B-00C04F79EFBC}") = "Problem-2-Letters-Symbols-Numbers", "Problem-2-Letters-Symbols-Numbers\Problem-2-Letters-Symbols-Numbers.csproj", "{2783E60F-3209-410E-8ADD-89A4727DA239}"
EndProject
Project("{FAE04EC0-301F-11D3-BF4B-00C04F79EFBC}") = "Problem-3-Panda-Scotland-Flag", "Problem-3-Panda-Scotland-Flag\Problem-3-Panda-Scotland-Flag.csproj", "{C08D2480-47CD-46F3-BC0F-6E3A23035428}"
EndProject
Project("{FAE04EC0-301F-11D3-BF4B-00C04F79EFBC}") = "Problem-4-Morse-Code-Numbers", "Problem-4-Morse-Code-Numbers\Problem-4-Morse-Code-Numbers.csproj", "{261A95E8-677E-40B6-9DD7-F15E76533B31}"
EndProject
Project("{2150E333-8FDC-42A3-9474-1A3956D46DE8}") = "Exam-22-August-2014", "Exam-22-August-2014", "{3B90443B-A7E5-442B-821D-06A56F166A69}"
EndProject
Project("{FAE04EC0-301F-11D3-BF4B-00C04F79EFBC}") = "Problem-1-Tables", "Problem-1-Tables\Problem-1-Tables.csproj", "{7C2A0274-77EA-4D4D-97BB-A330A3675FBC}"
EndProject
Project("{FAE04EC0-301F-11D3-BF4B-00C04F79EFBC}") = "Problem-2-Book-Orders", "Problem-2-Book-Orders\Problem-2-Book-Orders.csproj", "{D53C7626-2FBB-4CBF-92DB-EB05687C7596}"
EndProject
Project("{FAE04EC0-301F-11D3-BF4B-00C04F79EFBC}") = "Problem-3-Car", "Problem-3-Car\Problem-3-Car.csproj", "{C73F88A8-E09C-490D-B7B1-1DF2780E3319}"
EndProject
Project("{FAE04EC0-301F-11D3-BF4B-00C04F79EFBC}") = "Problem-4-Chess-Queens", "Problem-4-Chess-Queens\Problem-4-Chess-Queens.csproj", "{E8D16871-EF4C-4283-A075-61CF233D15CC}"
EndProject
Project("{FAE04EC0-301F-11D3-BF4B-00C04F79EFBC}") = "Problem-5-Double-Downs", "Problem-5-Double-Downs\Problem-5-Double-Downs.csproj", "{A15AC75E-5278-48CF-9312-A0A2A2DE2E5F}"
EndProject
Project("{2150E333-8FDC-42A3-9474-1A3956D46DE8}") = "Exam-25-July-2014-Evening", "Exam-25-July-2014-Evening", "{AD3F555A-D1DF-43B6-92EA-7C0E2EB646CB}"
EndProject
Project("{FAE04EC0-301F-11D3-BF4B-00C04F79EFBC}") = "Problem-1-Electricity", "Problem-1-Electricity\Problem-1-Electricity.csproj", "{13FB3BDD-5F0B-4136-89BF-D2F0164329B2}"
EndProject
Project("{FAE04EC0-301F-11D3-BF4B-00C04F79EFBC}") = "Problem-2-Odd-Even-Jumps", "Problem-2-Odd-Even-Jumps\Problem-2-Odd-Even-Jumps.csproj", "{095B871E-8DE9-4826-9569-4826A8EEA549}"
EndProject
Project("{FAE04EC0-301F-11D3-BF4B-00C04F79EFBC}") = "Problem-3-House-with-a-Window", "Problem-3-House-with-a-Window\Problem-3-House-with-a-Window.csproj", "{45475F18-876F-4BCC-A98F-1FDD7CCAD2E1}"
EndProject
Project("{FAE04EC0-301F-11D3-BF4B-00C04F79EFBC}") = "Problem-4-Nakovs-Matching", "Problem-4-Nakovs-Matching\Problem-4-Nakovs-Matching.csproj", "{2749D4FC-715F-42E6-B94A-7F2AA388C552}"
EndProject
Project("{FAE04EC0-301F-11D3-BF4B-00C04F79EFBC}") = "Problem-5-Change-Even-Bits", "Problem-5-Change-Even-Bits\Problem-5-Change-Even-Bits.csproj", "{E5338045-2690-43E4-9CE9-D06D848437EA}"
EndProject
Project("{FAE04EC0-301F-11D3-BF4B-00C04F79EFBC}") = "helps", "helps\helps.csproj", "{5BF55D38-0878-4CC0-BE5A-0DB28A460AF7}"
EndProject
Project("{FAE04EC0-301F-11D3-BF4B-00C04F79EFBC}") = "Problem-4-Crossing-Sequences", "Problem-4-Crossing-Sequences\Problem-4-Crossing-Sequences.csproj", "{E7F3453D-7312-40A6-B05B-33653EB55C47}"
EndProject
Project("{FAE04EC0-301F-11D3-BF4B-00C04F79EFBC}") = "Problem-5-CatchTheBits", "Problem-5-CatchTheBits\Problem-5-CatchTheBits.csproj", "{21A01320-8874-4319-937E-6EED593BAA2A}"
EndProject
Project("{FAE04EC0-301F-11D3-BF4B-00C04F79EFBC}") = "Problem-4-Magic-Dates", "Problem-4-Magic-Dates\Problem-4-Magic-Dates.csproj", "{8491409A-7DCB-472E-A732-5D30D543D4CB}"
EndProject
Project("{FAE04EC0-301F-11D3-BF4B-00C04F79EFBC}") = "Problem-5-BitKiller", "Problem-5-BitKiller\Problem-5-BitKiller.csproj", "{FC78067F-5470-4B0C-A71E-3782D702BEEC}"
EndProject
Project("{FAE04EC0-301F-11D3-BF4B-00C04F79EFBC}") = "Problem-4-Five-Special-Letters", "Problem-4-Five-Special-Letters\Problem-4-Five-Special-Letters.csproj", "{435242E7-A67A-490C-BA50-0830B418E370}"
EndProject
Project("{FAE04EC0-301F-11D3-BF4B-00C04F79EFBC}") = "Problem-5-Bit-Roller", "Problem-5-Bit-Roller\Problem-5-Bit-Roller.csproj", "{A8FE79DB-D8B8-4150-B66C-B6824B16C027}"
EndProject
Project("{FAE04EC0-301F-11D3-BF4B-00C04F79EFBC}") = "Problem-4-Longest-Alphabetical-Word-Nakov", "Problem-4-Longest-Alphabetical-Word-Nakov\Problem-4-Longest-Alphabetical-Word-Nakov.csproj", "{8DCCBB0E-C166-48AE-89A7-8848D7ECED90}"
EndProject
Project("{FAE04EC0-301F-11D3-BF4B-00C04F79EFBC}") = "Problem-5-Bit-Shooter", "Problem-5-Bit-Shooter\Problem-5-Bit-Shooter.csproj", "{408EEB8F-7FEE-4EAD-BCFB-CB44BB2599E8}"
EndProject
Project("{FAE04EC0-301F-11D3-BF4B-00C04F79EFBC}") = "Problem-2-Student-Cables", "Problem-2-Student-Cables\Problem-2-Student-Cables.csproj", "{8B7277E0-2444-47C3-9146-E101C5D4CE02}"
EndProject
Project("{FAE04EC0-301F-11D3-BF4B-00C04F79EFBC}") = "Problem-4-Magic-Car-Numbers", "Problem-4-Magic-Car-Numbers\Problem-4-Magic-Car-Numbers.csproj", "{9C3BC776-4B7B-4746-8623-F9096BDBA3A6}"
EndProject
Project("{FAE04EC0-301F-11D3-BF4B-00C04F79EFBC}") = "Problem-5-Bit-Flipper", "Problem-5-Bit-Flipper\Problem-5-Bit-Flipper.csproj", "{91E6AC11-5DD7-4F4C-BF06-B572E2BA84A6}"
EndProject
Project("{2150E333-8FDC-42A3-9474-1A3956D46DE8}") = "Exam-April-2014-Variant-9", "Exam-April-2014-Variant-9", "{9DF1F176-E05E-43D6-A492-12B8C6BDD6FA}"
EndProject
Project("{FAE04EC0-301F-11D3-BF4B-00C04F79EFBC}") = "Problem-1-Fit-Box-in-Box", "Problem-1-Fit-Box-in-Box\Problem-1-Fit-Box-in-Box.csproj", "{CF6004F2-8CA1-4291-90FB-BCD78EAF207F}"
EndProject
Project("{FAE04EC0-301F-11D3-BF4B-00C04F79EFBC}") = "Problem-2-K-Sequence", "Problem-2-K-Sequence\Problem-2-K-Sequence.csproj", "{42B83159-F7E5-4EE5-A5AE-668BBEE91B7C}"
EndProject
Project("{FAE04EC0-301F-11D3-BF4B-00C04F79EFBC}") = "Problem-3-Disk", "Problem-3-Disk\Problem-3-Disk.csproj", "{4E03B860-59F1-4A4A-8D1D-038BA376F92A}"
EndProject
Project("{FAE04EC0-301F-11D3-BF4B-00C04F79EFBC}") = "Problem-4-Poker-Straight", "Problem-4-Poker-Straight\Problem-4-Poker-Straight.csproj", "{3D26B29F-DA46-4D79-B296-9DA1CE42FAF3}"
EndProject
Project("{FAE04EC0-301F-11D3-BF4B-00C04F79EFBC}") = "Problem-5-Friend-Bits", "Problem-5-Friend-Bits\Problem-5-Friend-Bits.csproj", "{8589D1D6-6EE5-440E-A994-3B41FF810C52}"
EndProject
Project("{2150E333-8FDC-42A3-9474-1A3956D46DE8}") = "Exam-26-August-2014", "Exam-26-August-2014", "{91D3E402-DAE5-4985-A92B-8353C2C5EB2B}"
EndProject
Project("{FAE04EC0-301F-11D3-BF4B-00C04F79EFBC}") = "Problem-1-Tic-Tac-Power", "Problem-1-Tic-Tac-Power\Problem-1-Tic-Tac-Power.csproj", "{574EEBB7-DAD8-4A13-AD91-62DD88E57F5F}"
EndProject
Project("{FAE04EC0-301F-11D3-BF4B-00C04F79EFBC}") = "Problem-2-Jumping-Sums", "Problem-2-Jumping-Sums\Problem-2-Jumping-Sums.csproj", "{C2DA9E2F-7876-4EF8-8345-5D7EA4DE68C4}"
EndProject
Project("{FAE04EC0-301F-11D3-BF4B-00C04F79EFBC}") = "Problem-3-Star", "Problem-3-Star\Problem-3-Star.csproj", "{6264FC49-A55B-4A25-9807-2B950C911AC5}"
EndProject
Project("{FAE04EC0-301F-11D3-BF4B-00C04F79EFBC}") = "Problem-4-Winning-Numbers", "Problem-4-Winning-Numbers\Problem-4-Winning-Numbers.csproj", "{1EFABDA5-7F32-4136-93B9-968519F5EA05}"
EndProject
Project("{FAE04EC0-301F-11D3-BF4B-00C04F79EFBC}") = "Problem-5-X-Bits", "Problem-5-X-Bits\Problem-5-X-Bits.csproj", "{F5D37112-F628-457B-8C8B-F5BB2B640084}"
EndProject
Project("{2150E333-8FDC-42A3-9474-1A3956D46DE8}") = "Exam-CSharp-Basics-Variant-1", "Exam-CSharp-Basics-Variant-1", "{DC33562A-DA9A-447C-9D5F-85A51954273F}"
EndProject
Project("{FAE04EC0-301F-11D3-BF4B-00C04F79EFBC}") = "Problem-1-Simple-Calculation", "Problem-1-Simple-Calculation\Problem-1-Simple-Calculation.csproj", "{985AEE69-D9DA-422E-A577-AE86B24D1959}"
EndProject
Project("{FAE04EC0-301F-11D3-BF4B-00C04F79EFBC}") = "Problem-2-Tribonacci", "Problem-2-Tribonacci\Problem-2-Tribonacci.csproj", "{B305662E-A17A-45C5-8852-605849EE1BB2}"
EndProject
Project("{FAE04EC0-301F-11D3-BF4B-00C04F79EFBC}") = "Problem-3-Sand-Glass", "Problem-3-Sand-Glass\Problem-3-Sand-Glass.csproj", "{9DCFD58D-5A13-4591-B8EC-CE97D0C740A9}"
EndProject
Project("{FAE04EC0-301F-11D3-BF4B-00C04F79EFBC}") = "Problem-4-Bulls-and-Cows", "Problem-4-Bulls-and-Cows\Problem-4-Bulls-and-Cows.csproj", "{13CA492D-B9D5-461D-BA52-8BAFEDAF3D53}"
EndProject
Project("{FAE04EC0-301F-11D3-BF4B-00C04F79EFBC}") = "Problem-5-WeAllLoveBits", "Problem-5-WeAllLoveBits\Problem-5-WeAllLoveBits.csproj", "{CEBBC974-BCD2-42E1-914A-3D15FF95C0EA}"
EndProject
Project("{2150E333-8FDC-42A3-9474-1A3956D46DE8}") = "Exam-07-November-2014", "Exam-07-November-2014", "{62CB77A3-1726-410C-AB9B-0A53AC08D675}"
EndProject
Project("{FAE04EC0-301F-11D3-BF4B-00C04F79EFBC}") = "Problem-1", "Problem-1\Problem-1.csproj", "{5C252D7D-621D-43EF-AD1F-714B0FA24D8D}"
EndProject
Project("{FAE04EC0-301F-11D3-BF4B-00C04F79EFBC}") = "Problem-2", "Problem-2\Problem-2.csproj", "{115B67FD-66BF-4C98-B4AE-58E45CFF9CF8}"
EndProject
Project("{FAE04EC0-301F-11D3-BF4B-00C04F79EFBC}") = "Problem-3", "Problem-3\Problem-3.csproj", "{24C56EBB-6BD2-4C3D-BA93-1AFC66BD76F7}"
EndProject
Project("{FAE04EC0-301F-11D3-BF4B-00C04F79EFBC}") = "Problem-4", "Problem-4\Problem-4.csproj", "{EB2CE49B-47F2-4997-9E36-18A302A470E3}"
EndProject
Project("{FAE04EC0-301F-11D3-BF4B-00C04F79EFBC}") = "Problem-5", "Problem-5\Problem-5.csproj", "{0CAB13B2-B1BF-499A-B052-6F498144DCE3}"
EndProject
Global
	GlobalSection(SolutionConfigurationPlatforms) = preSolution
		Debug|Any CPU = Debug|Any CPU
		Release|Any CPU = Release|Any CPU
	EndGlobalSection
	GlobalSection(ProjectConfigurationPlatforms) = postSolution
		{BF02D674-B809-491B-958A-16EB9D3C1E19}.Debug|Any CPU.ActiveCfg = Debug|Any CPU
		{BF02D674-B809-491B-958A-16EB9D3C1E19}.Debug|Any CPU.Build.0 = Debug|Any CPU
		{BF02D674-B809-491B-958A-16EB9D3C1E19}.Release|Any CPU.ActiveCfg = Release|Any CPU
		{BF02D674-B809-491B-958A-16EB9D3C1E19}.Release|Any CPU.Build.0 = Release|Any CPU
		{A223D239-304A-4309-A719-679445EEB831}.Debug|Any CPU.ActiveCfg = Debug|Any CPU
		{A223D239-304A-4309-A719-679445EEB831}.Debug|Any CPU.Build.0 = Debug|Any CPU
		{A223D239-304A-4309-A719-679445EEB831}.Release|Any CPU.ActiveCfg = Release|Any CPU
		{A223D239-304A-4309-A719-679445EEB831}.Release|Any CPU.Build.0 = Release|Any CPU
		{78B4DE71-DDBC-47EC-B9A2-694DC752A93F}.Debug|Any CPU.ActiveCfg = Debug|Any CPU
		{78B4DE71-DDBC-47EC-B9A2-694DC752A93F}.Debug|Any CPU.Build.0 = Debug|Any CPU
		{78B4DE71-DDBC-47EC-B9A2-694DC752A93F}.Release|Any CPU.ActiveCfg = Release|Any CPU
		{78B4DE71-DDBC-47EC-B9A2-694DC752A93F}.Release|Any CPU.Build.0 = Release|Any CPU
		{98B68D65-C205-418B-B4CF-37C798DA6766}.Debug|Any CPU.ActiveCfg = Debug|Any CPU
		{98B68D65-C205-418B-B4CF-37C798DA6766}.Debug|Any CPU.Build.0 = Debug|Any CPU
		{98B68D65-C205-418B-B4CF-37C798DA6766}.Release|Any CPU.ActiveCfg = Release|Any CPU
		{98B68D65-C205-418B-B4CF-37C798DA6766}.Release|Any CPU.Build.0 = Release|Any CPU
		{F3C23BAF-8299-4FF5-985D-68D6D64135BD}.Debug|Any CPU.ActiveCfg = Debug|Any CPU
		{F3C23BAF-8299-4FF5-985D-68D6D64135BD}.Debug|Any CPU.Build.0 = Debug|Any CPU
		{F3C23BAF-8299-4FF5-985D-68D6D64135BD}.Release|Any CPU.ActiveCfg = Release|Any CPU
		{F3C23BAF-8299-4FF5-985D-68D6D64135BD}.Release|Any CPU.Build.0 = Release|Any CPU
		{E0AEFCE8-4886-4790-B62F-0392494D3574}.Debug|Any CPU.ActiveCfg = Debug|Any CPU
		{E0AEFCE8-4886-4790-B62F-0392494D3574}.Debug|Any CPU.Build.0 = Debug|Any CPU
		{E0AEFCE8-4886-4790-B62F-0392494D3574}.Release|Any CPU.ActiveCfg = Release|Any CPU
		{E0AEFCE8-4886-4790-B62F-0392494D3574}.Release|Any CPU.Build.0 = Release|Any CPU
		{0633402C-1931-4B69-864E-CDDFCAF57045}.Debug|Any CPU.ActiveCfg = Debug|Any CPU
		{0633402C-1931-4B69-864E-CDDFCAF57045}.Debug|Any CPU.Build.0 = Debug|Any CPU
		{0633402C-1931-4B69-864E-CDDFCAF57045}.Release|Any CPU.ActiveCfg = Release|Any CPU
		{0633402C-1931-4B69-864E-CDDFCAF57045}.Release|Any CPU.Build.0 = Release|Any CPU
		{4851C9BE-8CB2-4FB4-A05F-987ADEEF5C56}.Debug|Any CPU.ActiveCfg = Debug|Any CPU
		{4851C9BE-8CB2-4FB4-A05F-987ADEEF5C56}.Debug|Any CPU.Build.0 = Debug|Any CPU
		{4851C9BE-8CB2-4FB4-A05F-987ADEEF5C56}.Release|Any CPU.ActiveCfg = Release|Any CPU
		{4851C9BE-8CB2-4FB4-A05F-987ADEEF5C56}.Release|Any CPU.Build.0 = Release|Any CPU
		{DE065552-F5CC-46E4-9F37-BA82F51BF1DA}.Debug|Any CPU.ActiveCfg = Debug|Any CPU
		{DE065552-F5CC-46E4-9F37-BA82F51BF1DA}.Debug|Any CPU.Build.0 = Debug|Any CPU
		{DE065552-F5CC-46E4-9F37-BA82F51BF1DA}.Release|Any CPU.ActiveCfg = Release|Any CPU
		{DE065552-F5CC-46E4-9F37-BA82F51BF1DA}.Release|Any CPU.Build.0 = Release|Any CPU
		{F0EEB465-1C2E-4D7A-9CEA-807449B5DDAD}.Debug|Any CPU.ActiveCfg = Debug|Any CPU
		{F0EEB465-1C2E-4D7A-9CEA-807449B5DDAD}.Debug|Any CPU.Build.0 = Debug|Any CPU
		{F0EEB465-1C2E-4D7A-9CEA-807449B5DDAD}.Release|Any CPU.ActiveCfg = Release|Any CPU
		{F0EEB465-1C2E-4D7A-9CEA-807449B5DDAD}.Release|Any CPU.Build.0 = Release|Any CPU
		{A408BD0F-0830-4051-AE02-FE2739088CB9}.Debug|Any CPU.ActiveCfg = Debug|Any CPU
		{A408BD0F-0830-4051-AE02-FE2739088CB9}.Debug|Any CPU.Build.0 = Debug|Any CPU
		{A408BD0F-0830-4051-AE02-FE2739088CB9}.Release|Any CPU.ActiveCfg = Release|Any CPU
		{A408BD0F-0830-4051-AE02-FE2739088CB9}.Release|Any CPU.Build.0 = Release|Any CPU
		{C0D86488-EEBC-4EB5-873F-5A8D2565022B}.Debug|Any CPU.ActiveCfg = Debug|Any CPU
		{C0D86488-EEBC-4EB5-873F-5A8D2565022B}.Debug|Any CPU.Build.0 = Debug|Any CPU
		{C0D86488-EEBC-4EB5-873F-5A8D2565022B}.Release|Any CPU.ActiveCfg = Release|Any CPU
		{C0D86488-EEBC-4EB5-873F-5A8D2565022B}.Release|Any CPU.Build.0 = Release|Any CPU
		{4F7C1393-A125-4D63-BE2F-9C8D25150BFF}.Debug|Any CPU.ActiveCfg = Debug|Any CPU
		{4F7C1393-A125-4D63-BE2F-9C8D25150BFF}.Debug|Any CPU.Build.0 = Debug|Any CPU
		{4F7C1393-A125-4D63-BE2F-9C8D25150BFF}.Release|Any CPU.ActiveCfg = Release|Any CPU
		{4F7C1393-A125-4D63-BE2F-9C8D25150BFF}.Release|Any CPU.Build.0 = Release|Any CPU
		{1747B0BC-185E-4209-9646-605CB9D9CC49}.Debug|Any CPU.ActiveCfg = Debug|Any CPU
		{1747B0BC-185E-4209-9646-605CB9D9CC49}.Debug|Any CPU.Build.0 = Debug|Any CPU
		{1747B0BC-185E-4209-9646-605CB9D9CC49}.Release|Any CPU.ActiveCfg = Release|Any CPU
		{1747B0BC-185E-4209-9646-605CB9D9CC49}.Release|Any CPU.Build.0 = Release|Any CPU
		{D1F4A460-3C84-478E-B670-387022BF0003}.Debug|Any CPU.ActiveCfg = Debug|Any CPU
		{D1F4A460-3C84-478E-B670-387022BF0003}.Debug|Any CPU.Build.0 = Debug|Any CPU
		{D1F4A460-3C84-478E-B670-387022BF0003}.Release|Any CPU.ActiveCfg = Release|Any CPU
		{D1F4A460-3C84-478E-B670-387022BF0003}.Release|Any CPU.Build.0 = Release|Any CPU
		{35D465A1-0126-450D-AF89-198A83475118}.Debug|Any CPU.ActiveCfg = Debug|Any CPU
		{35D465A1-0126-450D-AF89-198A83475118}.Debug|Any CPU.Build.0 = Debug|Any CPU
		{35D465A1-0126-450D-AF89-198A83475118}.Release|Any CPU.ActiveCfg = Release|Any CPU
		{35D465A1-0126-450D-AF89-198A83475118}.Release|Any CPU.Build.0 = Release|Any CPU
		{F5AE9D4C-F7D6-4FCC-B238-20BAA27EE9FF}.Debug|Any CPU.ActiveCfg = Debug|Any CPU
		{F5AE9D4C-F7D6-4FCC-B238-20BAA27EE9FF}.Debug|Any CPU.Build.0 = Debug|Any CPU
		{F5AE9D4C-F7D6-4FCC-B238-20BAA27EE9FF}.Release|Any CPU.ActiveCfg = Release|Any CPU
		{F5AE9D4C-F7D6-4FCC-B238-20BAA27EE9FF}.Release|Any CPU.Build.0 = Release|Any CPU
		{2A044045-3CCE-40DB-A300-8267C2F669DA}.Debug|Any CPU.ActiveCfg = Debug|Any CPU
		{2A044045-3CCE-40DB-A300-8267C2F669DA}.Debug|Any CPU.Build.0 = Debug|Any CPU
		{2A044045-3CCE-40DB-A300-8267C2F669DA}.Release|Any CPU.ActiveCfg = Release|Any CPU
		{2A044045-3CCE-40DB-A300-8267C2F669DA}.Release|Any CPU.Build.0 = Release|Any CPU
		{1FE14A22-58C9-45EC-92DE-32560F43DDE2}.Debug|Any CPU.ActiveCfg = Debug|Any CPU
		{1FE14A22-58C9-45EC-92DE-32560F43DDE2}.Debug|Any CPU.Build.0 = Debug|Any CPU
		{1FE14A22-58C9-45EC-92DE-32560F43DDE2}.Release|Any CPU.ActiveCfg = Release|Any CPU
		{1FE14A22-58C9-45EC-92DE-32560F43DDE2}.Release|Any CPU.Build.0 = Release|Any CPU
		{CCB39E5F-12B1-492D-AD91-922BEA389710}.Debug|Any CPU.ActiveCfg = Debug|Any CPU
		{CCB39E5F-12B1-492D-AD91-922BEA389710}.Debug|Any CPU.Build.0 = Debug|Any CPU
		{CCB39E5F-12B1-492D-AD91-922BEA389710}.Release|Any CPU.ActiveCfg = Release|Any CPU
		{CCB39E5F-12B1-492D-AD91-922BEA389710}.Release|Any CPU.Build.0 = Release|Any CPU
		{ACC0918A-7623-49E2-90C5-25695F26F7DF}.Debug|Any CPU.ActiveCfg = Debug|Any CPU
		{ACC0918A-7623-49E2-90C5-25695F26F7DF}.Debug|Any CPU.Build.0 = Debug|Any CPU
		{ACC0918A-7623-49E2-90C5-25695F26F7DF}.Release|Any CPU.ActiveCfg = Release|Any CPU
		{ACC0918A-7623-49E2-90C5-25695F26F7DF}.Release|Any CPU.Build.0 = Release|Any CPU
		{A512EF3B-5D3E-4909-BDA7-5D17106C2550}.Debug|Any CPU.ActiveCfg = Debug|Any CPU
		{A512EF3B-5D3E-4909-BDA7-5D17106C2550}.Debug|Any CPU.Build.0 = Debug|Any CPU
		{A512EF3B-5D3E-4909-BDA7-5D17106C2550}.Release|Any CPU.ActiveCfg = Release|Any CPU
		{A512EF3B-5D3E-4909-BDA7-5D17106C2550}.Release|Any CPU.Build.0 = Release|Any CPU
		{04CA4F5B-53CD-49D3-9F85-F4653AAA1AA8}.Debug|Any CPU.ActiveCfg = Debug|Any CPU
		{04CA4F5B-53CD-49D3-9F85-F4653AAA1AA8}.Debug|Any CPU.Build.0 = Debug|Any CPU
		{04CA4F5B-53CD-49D3-9F85-F4653AAA1AA8}.Release|Any CPU.ActiveCfg = Release|Any CPU
		{04CA4F5B-53CD-49D3-9F85-F4653AAA1AA8}.Release|Any CPU.Build.0 = Release|Any CPU
		{F7F4AD05-3942-4B07-A87F-CF22E39BF74E}.Debug|Any CPU.ActiveCfg = Debug|Any CPU
		{F7F4AD05-3942-4B07-A87F-CF22E39BF74E}.Debug|Any CPU.Build.0 = Debug|Any CPU
		{F7F4AD05-3942-4B07-A87F-CF22E39BF74E}.Release|Any CPU.ActiveCfg = Release|Any CPU
		{F7F4AD05-3942-4B07-A87F-CF22E39BF74E}.Release|Any CPU.Build.0 = Release|Any CPU
		{87A62436-09EB-4984-9ADD-04D0B2CA5DB4}.Debug|Any CPU.ActiveCfg = Debug|Any CPU
		{87A62436-09EB-4984-9ADD-04D0B2CA5DB4}.Debug|Any CPU.Build.0 = Debug|Any CPU
		{87A62436-09EB-4984-9ADD-04D0B2CA5DB4}.Release|Any CPU.ActiveCfg = Release|Any CPU
		{87A62436-09EB-4984-9ADD-04D0B2CA5DB4}.Release|Any CPU.Build.0 = Release|Any CPU
		{4D28CA4E-2919-4978-80F2-45A40D1B130F}.Debug|Any CPU.ActiveCfg = Debug|Any CPU
		{4D28CA4E-2919-4978-80F2-45A40D1B130F}.Debug|Any CPU.Build.0 = Debug|Any CPU
		{4D28CA4E-2919-4978-80F2-45A40D1B130F}.Release|Any CPU.ActiveCfg = Release|Any CPU
		{4D28CA4E-2919-4978-80F2-45A40D1B130F}.Release|Any CPU.Build.0 = Release|Any CPU
		{0800055B-13ED-4158-9099-1F2EEF7267D0}.Debug|Any CPU.ActiveCfg = Debug|Any CPU
		{0800055B-13ED-4158-9099-1F2EEF7267D0}.Debug|Any CPU.Build.0 = Debug|Any CPU
		{0800055B-13ED-4158-9099-1F2EEF7267D0}.Release|Any CPU.ActiveCfg = Release|Any CPU
		{0800055B-13ED-4158-9099-1F2EEF7267D0}.Release|Any CPU.Build.0 = Release|Any CPU
		{7748FB79-514D-43FD-96C2-23884DDEC58A}.Debug|Any CPU.ActiveCfg = Debug|Any CPU
		{7748FB79-514D-43FD-96C2-23884DDEC58A}.Debug|Any CPU.Build.0 = Debug|Any CPU
		{7748FB79-514D-43FD-96C2-23884DDEC58A}.Release|Any CPU.ActiveCfg = Release|Any CPU
		{7748FB79-514D-43FD-96C2-23884DDEC58A}.Release|Any CPU.Build.0 = Release|Any CPU
		{6DD363A6-41A5-4867-9D06-8844CEFA58AA}.Debug|Any CPU.ActiveCfg = Debug|Any CPU
		{6DD363A6-41A5-4867-9D06-8844CEFA58AA}.Debug|Any CPU.Build.0 = Debug|Any CPU
		{6DD363A6-41A5-4867-9D06-8844CEFA58AA}.Release|Any CPU.ActiveCfg = Release|Any CPU
		{6DD363A6-41A5-4867-9D06-8844CEFA58AA}.Release|Any CPU.Build.0 = Release|Any CPU
		{C2107FCF-DDE1-434C-94DA-8F2FED31AD9F}.Debug|Any CPU.ActiveCfg = Debug|Any CPU
		{C2107FCF-DDE1-434C-94DA-8F2FED31AD9F}.Debug|Any CPU.Build.0 = Debug|Any CPU
		{C2107FCF-DDE1-434C-94DA-8F2FED31AD9F}.Release|Any CPU.ActiveCfg = Release|Any CPU
		{C2107FCF-DDE1-434C-94DA-8F2FED31AD9F}.Release|Any CPU.Build.0 = Release|Any CPU
		{AC358F56-81D7-462E-BB7D-FA4200C806EE}.Debug|Any CPU.ActiveCfg = Debug|Any CPU
		{AC358F56-81D7-462E-BB7D-FA4200C806EE}.Debug|Any CPU.Build.0 = Debug|Any CPU
		{AC358F56-81D7-462E-BB7D-FA4200C806EE}.Release|Any CPU.ActiveCfg = Release|Any CPU
		{AC358F56-81D7-462E-BB7D-FA4200C806EE}.Release|Any CPU.Build.0 = Release|Any CPU
		{ED092F72-3B49-406F-A3A5-AB62570654D6}.Debug|Any CPU.ActiveCfg = Debug|Any CPU
		{ED092F72-3B49-406F-A3A5-AB62570654D6}.Debug|Any CPU.Build.0 = Debug|Any CPU
		{ED092F72-3B49-406F-A3A5-AB62570654D6}.Release|Any CPU.ActiveCfg = Release|Any CPU
		{ED092F72-3B49-406F-A3A5-AB62570654D6}.Release|Any CPU.Build.0 = Release|Any CPU
		{242009B2-C3D6-4DFB-B20E-952313C9D127}.Debug|Any CPU.ActiveCfg = Debug|Any CPU
		{242009B2-C3D6-4DFB-B20E-952313C9D127}.Debug|Any CPU.Build.0 = Debug|Any CPU
		{242009B2-C3D6-4DFB-B20E-952313C9D127}.Release|Any CPU.ActiveCfg = Release|Any CPU
		{242009B2-C3D6-4DFB-B20E-952313C9D127}.Release|Any CPU.Build.0 = Release|Any CPU
		{8C8EE9BD-B084-468E-8CBC-FB5A4F9C212A}.Debug|Any CPU.ActiveCfg = Debug|Any CPU
		{8C8EE9BD-B084-468E-8CBC-FB5A4F9C212A}.Debug|Any CPU.Build.0 = Debug|Any CPU
		{8C8EE9BD-B084-468E-8CBC-FB5A4F9C212A}.Release|Any CPU.ActiveCfg = Release|Any CPU
		{8C8EE9BD-B084-468E-8CBC-FB5A4F9C212A}.Release|Any CPU.Build.0 = Release|Any CPU
		{B270E773-34C9-40E4-8895-26FCFC86B6BE}.Debug|Any CPU.ActiveCfg = Debug|Any CPU
		{B270E773-34C9-40E4-8895-26FCFC86B6BE}.Debug|Any CPU.Build.0 = Debug|Any CPU
		{B270E773-34C9-40E4-8895-26FCFC86B6BE}.Release|Any CPU.ActiveCfg = Release|Any CPU
		{B270E773-34C9-40E4-8895-26FCFC86B6BE}.Release|Any CPU.Build.0 = Release|Any CPU
		{8468C457-836A-43FE-A9C0-CAEB457DCE75}.Debug|Any CPU.ActiveCfg = Debug|Any CPU
		{8468C457-836A-43FE-A9C0-CAEB457DCE75}.Debug|Any CPU.Build.0 = Debug|Any CPU
		{8468C457-836A-43FE-A9C0-CAEB457DCE75}.Release|Any CPU.ActiveCfg = Release|Any CPU
		{8468C457-836A-43FE-A9C0-CAEB457DCE75}.Release|Any CPU.Build.0 = Release|Any CPU
		{031BCB0C-967F-4711-B94C-91389F559418}.Debug|Any CPU.ActiveCfg = Debug|Any CPU
		{031BCB0C-967F-4711-B94C-91389F559418}.Debug|Any CPU.Build.0 = Debug|Any CPU
		{031BCB0C-967F-4711-B94C-91389F559418}.Release|Any CPU.ActiveCfg = Release|Any CPU
		{031BCB0C-967F-4711-B94C-91389F559418}.Release|Any CPU.Build.0 = Release|Any CPU
		{2DC3BD17-AAB6-45AC-8E92-3A4E9DF3115F}.Debug|Any CPU.ActiveCfg = Debug|Any CPU
		{2DC3BD17-AAB6-45AC-8E92-3A4E9DF3115F}.Debug|Any CPU.Build.0 = Debug|Any CPU
		{2DC3BD17-AAB6-45AC-8E92-3A4E9DF3115F}.Release|Any CPU.ActiveCfg = Release|Any CPU
		{2DC3BD17-AAB6-45AC-8E92-3A4E9DF3115F}.Release|Any CPU.Build.0 = Release|Any CPU
		{8823BED8-0A01-4352-AEEE-A981000C3E6C}.Debug|Any CPU.ActiveCfg = Debug|Any CPU
		{8823BED8-0A01-4352-AEEE-A981000C3E6C}.Debug|Any CPU.Build.0 = Debug|Any CPU
		{8823BED8-0A01-4352-AEEE-A981000C3E6C}.Release|Any CPU.ActiveCfg = Release|Any CPU
		{8823BED8-0A01-4352-AEEE-A981000C3E6C}.Release|Any CPU.Build.0 = Release|Any CPU
		{52296DE2-BAB5-4E31-8CEF-EA86EF37D6A7}.Debug|Any CPU.ActiveCfg = Debug|Any CPU
		{52296DE2-BAB5-4E31-8CEF-EA86EF37D6A7}.Debug|Any CPU.Build.0 = Debug|Any CPU
		{52296DE2-BAB5-4E31-8CEF-EA86EF37D6A7}.Release|Any CPU.ActiveCfg = Release|Any CPU
		{52296DE2-BAB5-4E31-8CEF-EA86EF37D6A7}.Release|Any CPU.Build.0 = Release|Any CPU
		{55D378EF-9E0F-4EBE-AB30-0810E9642827}.Debug|Any CPU.ActiveCfg = Debug|Any CPU
		{55D378EF-9E0F-4EBE-AB30-0810E9642827}.Debug|Any CPU.Build.0 = Debug|Any CPU
		{55D378EF-9E0F-4EBE-AB30-0810E9642827}.Release|Any CPU.ActiveCfg = Release|Any CPU
		{55D378EF-9E0F-4EBE-AB30-0810E9642827}.Release|Any CPU.Build.0 = Release|Any CPU
		{56DC1DFC-051E-4176-997A-420B038B7D19}.Debug|Any CPU.ActiveCfg = Debug|Any CPU
		{56DC1DFC-051E-4176-997A-420B038B7D19}.Debug|Any CPU.Build.0 = Debug|Any CPU
		{56DC1DFC-051E-4176-997A-420B038B7D19}.Release|Any CPU.ActiveCfg = Release|Any CPU
		{56DC1DFC-051E-4176-997A-420B038B7D19}.Release|Any CPU.Build.0 = Release|Any CPU
		{3C01E704-F7F4-412A-AA66-6E81BEDCC551}.Debug|Any CPU.ActiveCfg = Debug|Any CPU
		{3C01E704-F7F4-412A-AA66-6E81BEDCC551}.Debug|Any CPU.Build.0 = Debug|Any CPU
		{3C01E704-F7F4-412A-AA66-6E81BEDCC551}.Release|Any CPU.ActiveCfg = Release|Any CPU
		{3C01E704-F7F4-412A-AA66-6E81BEDCC551}.Release|Any CPU.Build.0 = Release|Any CPU
		{A793F195-78D5-4CEF-A1AF-F3EC8083A5A9}.Debug|Any CPU.ActiveCfg = Debug|Any CPU
		{A793F195-78D5-4CEF-A1AF-F3EC8083A5A9}.Debug|Any CPU.Build.0 = Debug|Any CPU
		{A793F195-78D5-4CEF-A1AF-F3EC8083A5A9}.Release|Any CPU.ActiveCfg = Release|Any CPU
		{A793F195-78D5-4CEF-A1AF-F3EC8083A5A9}.Release|Any CPU.Build.0 = Release|Any CPU
		{464B3C1E-7F31-4995-B530-A78D271DD54B}.Debug|Any CPU.ActiveCfg = Debug|Any CPU
		{464B3C1E-7F31-4995-B530-A78D271DD54B}.Debug|Any CPU.Build.0 = Debug|Any CPU
		{464B3C1E-7F31-4995-B530-A78D271DD54B}.Release|Any CPU.ActiveCfg = Release|Any CPU
		{464B3C1E-7F31-4995-B530-A78D271DD54B}.Release|Any CPU.Build.0 = Release|Any CPU
		{2783E60F-3209-410E-8ADD-89A4727DA239}.Debug|Any CPU.ActiveCfg = Debug|Any CPU
		{2783E60F-3209-410E-8ADD-89A4727DA239}.Debug|Any CPU.Build.0 = Debug|Any CPU
		{2783E60F-3209-410E-8ADD-89A4727DA239}.Release|Any CPU.ActiveCfg = Release|Any CPU
		{2783E60F-3209-410E-8ADD-89A4727DA239}.Release|Any CPU.Build.0 = Release|Any CPU
		{C08D2480-47CD-46F3-BC0F-6E3A23035428}.Debug|Any CPU.ActiveCfg = Debug|Any CPU
		{C08D2480-47CD-46F3-BC0F-6E3A23035428}.Debug|Any CPU.Build.0 = Debug|Any CPU
		{C08D2480-47CD-46F3-BC0F-6E3A23035428}.Release|Any CPU.ActiveCfg = Release|Any CPU
		{C08D2480-47CD-46F3-BC0F-6E3A23035428}.Release|Any CPU.Build.0 = Release|Any CPU
		{261A95E8-677E-40B6-9DD7-F15E76533B31}.Debug|Any CPU.ActiveCfg = Debug|Any CPU
		{261A95E8-677E-40B6-9DD7-F15E76533B31}.Debug|Any CPU.Build.0 = Debug|Any CPU
		{261A95E8-677E-40B6-9DD7-F15E76533B31}.Release|Any CPU.ActiveCfg = Release|Any CPU
		{261A95E8-677E-40B6-9DD7-F15E76533B31}.Release|Any CPU.Build.0 = Release|Any CPU
		{7C2A0274-77EA-4D4D-97BB-A330A3675FBC}.Debug|Any CPU.ActiveCfg = Debug|Any CPU
		{7C2A0274-77EA-4D4D-97BB-A330A3675FBC}.Debug|Any CPU.Build.0 = Debug|Any CPU
		{7C2A0274-77EA-4D4D-97BB-A330A3675FBC}.Release|Any CPU.ActiveCfg = Release|Any CPU
		{7C2A0274-77EA-4D4D-97BB-A330A3675FBC}.Release|Any CPU.Build.0 = Release|Any CPU
		{D53C7626-2FBB-4CBF-92DB-EB05687C7596}.Debug|Any CPU.ActiveCfg = Debug|Any CPU
		{D53C7626-2FBB-4CBF-92DB-EB05687C7596}.Debug|Any CPU.Build.0 = Debug|Any CPU
		{D53C7626-2FBB-4CBF-92DB-EB05687C7596}.Release|Any CPU.ActiveCfg = Release|Any CPU
		{D53C7626-2FBB-4CBF-92DB-EB05687C7596}.Release|Any CPU.Build.0 = Release|Any CPU
		{C73F88A8-E09C-490D-B7B1-1DF2780E3319}.Debug|Any CPU.ActiveCfg = Debug|Any CPU
		{C73F88A8-E09C-490D-B7B1-1DF2780E3319}.Debug|Any CPU.Build.0 = Debug|Any CPU
		{C73F88A8-E09C-490D-B7B1-1DF2780E3319}.Release|Any CPU.ActiveCfg = Release|Any CPU
		{C73F88A8-E09C-490D-B7B1-1DF2780E3319}.Release|Any CPU.Build.0 = Release|Any CPU
		{E8D16871-EF4C-4283-A075-61CF233D15CC}.Debug|Any CPU.ActiveCfg = Debug|Any CPU
		{E8D16871-EF4C-4283-A075-61CF233D15CC}.Debug|Any CPU.Build.0 = Debug|Any CPU
		{E8D16871-EF4C-4283-A075-61CF233D15CC}.Release|Any CPU.ActiveCfg = Release|Any CPU
		{E8D16871-EF4C-4283-A075-61CF233D15CC}.Release|Any CPU.Build.0 = Release|Any CPU
		{A15AC75E-5278-48CF-9312-A0A2A2DE2E5F}.Debug|Any CPU.ActiveCfg = Debug|Any CPU
		{A15AC75E-5278-48CF-9312-A0A2A2DE2E5F}.Debug|Any CPU.Build.0 = Debug|Any CPU
		{A15AC75E-5278-48CF-9312-A0A2A2DE2E5F}.Release|Any CPU.ActiveCfg = Release|Any CPU
		{A15AC75E-5278-48CF-9312-A0A2A2DE2E5F}.Release|Any CPU.Build.0 = Release|Any CPU
		{13FB3BDD-5F0B-4136-89BF-D2F0164329B2}.Debug|Any CPU.ActiveCfg = Debug|Any CPU
		{13FB3BDD-5F0B-4136-89BF-D2F0164329B2}.Debug|Any CPU.Build.0 = Debug|Any CPU
		{13FB3BDD-5F0B-4136-89BF-D2F0164329B2}.Release|Any CPU.ActiveCfg = Release|Any CPU
		{13FB3BDD-5F0B-4136-89BF-D2F0164329B2}.Release|Any CPU.Build.0 = Release|Any CPU
		{095B871E-8DE9-4826-9569-4826A8EEA549}.Debug|Any CPU.ActiveCfg = Debug|Any CPU
		{095B871E-8DE9-4826-9569-4826A8EEA549}.Debug|Any CPU.Build.0 = Debug|Any CPU
		{095B871E-8DE9-4826-9569-4826A8EEA549}.Release|Any CPU.ActiveCfg = Release|Any CPU
		{095B871E-8DE9-4826-9569-4826A8EEA549}.Release|Any CPU.Build.0 = Release|Any CPU
		{45475F18-876F-4BCC-A98F-1FDD7CCAD2E1}.Debug|Any CPU.ActiveCfg = Debug|Any CPU
		{45475F18-876F-4BCC-A98F-1FDD7CCAD2E1}.Debug|Any CPU.Build.0 = Debug|Any CPU
		{45475F18-876F-4BCC-A98F-1FDD7CCAD2E1}.Release|Any CPU.ActiveCfg = Release|Any CPU
		{45475F18-876F-4BCC-A98F-1FDD7CCAD2E1}.Release|Any CPU.Build.0 = Release|Any CPU
		{2749D4FC-715F-42E6-B94A-7F2AA388C552}.Debug|Any CPU.ActiveCfg = Debug|Any CPU
		{2749D4FC-715F-42E6-B94A-7F2AA388C552}.Debug|Any CPU.Build.0 = Debug|Any CPU
		{2749D4FC-715F-42E6-B94A-7F2AA388C552}.Release|Any CPU.ActiveCfg = Release|Any CPU
		{2749D4FC-715F-42E6-B94A-7F2AA388C552}.Release|Any CPU.Build.0 = Release|Any CPU
		{E5338045-2690-43E4-9CE9-D06D848437EA}.Debug|Any CPU.ActiveCfg = Debug|Any CPU
		{E5338045-2690-43E4-9CE9-D06D848437EA}.Debug|Any CPU.Build.0 = Debug|Any CPU
		{E5338045-2690-43E4-9CE9-D06D848437EA}.Release|Any CPU.ActiveCfg = Release|Any CPU
		{E5338045-2690-43E4-9CE9-D06D848437EA}.Release|Any CPU.Build.0 = Release|Any CPU
		{5BF55D38-0878-4CC0-BE5A-0DB28A460AF7}.Debug|Any CPU.ActiveCfg = Debug|Any CPU
		{5BF55D38-0878-4CC0-BE5A-0DB28A460AF7}.Debug|Any CPU.Build.0 = Debug|Any CPU
		{5BF55D38-0878-4CC0-BE5A-0DB28A460AF7}.Release|Any CPU.ActiveCfg = Release|Any CPU
		{5BF55D38-0878-4CC0-BE5A-0DB28A460AF7}.Release|Any CPU.Build.0 = Release|Any CPU
		{E7F3453D-7312-40A6-B05B-33653EB55C47}.Debug|Any CPU.ActiveCfg = Debug|Any CPU
		{E7F3453D-7312-40A6-B05B-33653EB55C47}.Debug|Any CPU.Build.0 = Debug|Any CPU
		{E7F3453D-7312-40A6-B05B-33653EB55C47}.Release|Any CPU.ActiveCfg = Release|Any CPU
		{E7F3453D-7312-40A6-B05B-33653EB55C47}.Release|Any CPU.Build.0 = Release|Any CPU
		{21A01320-8874-4319-937E-6EED593BAA2A}.Debug|Any CPU.ActiveCfg = Debug|Any CPU
		{21A01320-8874-4319-937E-6EED593BAA2A}.Debug|Any CPU.Build.0 = Debug|Any CPU
		{21A01320-8874-4319-937E-6EED593BAA2A}.Release|Any CPU.ActiveCfg = Release|Any CPU
		{21A01320-8874-4319-937E-6EED593BAA2A}.Release|Any CPU.Build.0 = Release|Any CPU
		{8491409A-7DCB-472E-A732-5D30D543D4CB}.Debug|Any CPU.ActiveCfg = Debug|Any CPU
		{8491409A-7DCB-472E-A732-5D30D543D4CB}.Debug|Any CPU.Build.0 = Debug|Any CPU
		{8491409A-7DCB-472E-A732-5D30D543D4CB}.Release|Any CPU.ActiveCfg = Release|Any CPU
		{8491409A-7DCB-472E-A732-5D30D543D4CB}.Release|Any CPU.Build.0 = Release|Any CPU
		{FC78067F-5470-4B0C-A71E-3782D702BEEC}.Debug|Any CPU.ActiveCfg = Debug|Any CPU
		{FC78067F-5470-4B0C-A71E-3782D702BEEC}.Debug|Any CPU.Build.0 = Debug|Any CPU
		{FC78067F-5470-4B0C-A71E-3782D702BEEC}.Release|Any CPU.ActiveCfg = Release|Any CPU
		{FC78067F-5470-4B0C-A71E-3782D702BEEC}.Release|Any CPU.Build.0 = Release|Any CPU
		{435242E7-A67A-490C-BA50-0830B418E370}.Debug|Any CPU.ActiveCfg = Debug|Any CPU
		{435242E7-A67A-490C-BA50-0830B418E370}.Debug|Any CPU.Build.0 = Debug|Any CPU
		{435242E7-A67A-490C-BA50-0830B418E370}.Release|Any CPU.ActiveCfg = Release|Any CPU
		{435242E7-A67A-490C-BA50-0830B418E370}.Release|Any CPU.Build.0 = Release|Any CPU
		{A8FE79DB-D8B8-4150-B66C-B6824B16C027}.Debug|Any CPU.ActiveCfg = Debug|Any CPU
		{A8FE79DB-D8B8-4150-B66C-B6824B16C027}.Debug|Any CPU.Build.0 = Debug|Any CPU
		{A8FE79DB-D8B8-4150-B66C-B6824B16C027}.Release|Any CPU.ActiveCfg = Release|Any CPU
		{A8FE79DB-D8B8-4150-B66C-B6824B16C027}.Release|Any CPU.Build.0 = Release|Any CPU
		{8DCCBB0E-C166-48AE-89A7-8848D7ECED90}.Debug|Any CPU.ActiveCfg = Debug|Any CPU
		{8DCCBB0E-C166-48AE-89A7-8848D7ECED90}.Debug|Any CPU.Build.0 = Debug|Any CPU
		{8DCCBB0E-C166-48AE-89A7-8848D7ECED90}.Release|Any CPU.ActiveCfg = Release|Any CPU
		{8DCCBB0E-C166-48AE-89A7-8848D7ECED90}.Release|Any CPU.Build.0 = Release|Any CPU
		{408EEB8F-7FEE-4EAD-BCFB-CB44BB2599E8}.Debug|Any CPU.ActiveCfg = Debug|Any CPU
		{408EEB8F-7FEE-4EAD-BCFB-CB44BB2599E8}.Debug|Any CPU.Build.0 = Debug|Any CPU
		{408EEB8F-7FEE-4EAD-BCFB-CB44BB2599E8}.Release|Any CPU.ActiveCfg = Release|Any CPU
		{408EEB8F-7FEE-4EAD-BCFB-CB44BB2599E8}.Release|Any CPU.Build.0 = Release|Any CPU
		{8B7277E0-2444-47C3-9146-E101C5D4CE02}.Debug|Any CPU.ActiveCfg = Debug|Any CPU
		{8B7277E0-2444-47C3-9146-E101C5D4CE02}.Debug|Any CPU.Build.0 = Debug|Any CPU
		{8B7277E0-2444-47C3-9146-E101C5D4CE02}.Release|Any CPU.ActiveCfg = Release|Any CPU
		{8B7277E0-2444-47C3-9146-E101C5D4CE02}.Release|Any CPU.Build.0 = Release|Any CPU
		{9C3BC776-4B7B-4746-8623-F9096BDBA3A6}.Debug|Any CPU.ActiveCfg = Debug|Any CPU
		{9C3BC776-4B7B-4746-8623-F9096BDBA3A6}.Debug|Any CPU.Build.0 = Debug|Any CPU
		{9C3BC776-4B7B-4746-8623-F9096BDBA3A6}.Release|Any CPU.ActiveCfg = Release|Any CPU
		{9C3BC776-4B7B-4746-8623-F9096BDBA3A6}.Release|Any CPU.Build.0 = Release|Any CPU
		{91E6AC11-5DD7-4F4C-BF06-B572E2BA84A6}.Debug|Any CPU.ActiveCfg = Debug|Any CPU
		{91E6AC11-5DD7-4F4C-BF06-B572E2BA84A6}.Debug|Any CPU.Build.0 = Debug|Any CPU
		{91E6AC11-5DD7-4F4C-BF06-B572E2BA84A6}.Release|Any CPU.ActiveCfg = Release|Any CPU
		{91E6AC11-5DD7-4F4C-BF06-B572E2BA84A6}.Release|Any CPU.Build.0 = Release|Any CPU
		{CF6004F2-8CA1-4291-90FB-BCD78EAF207F}.Debug|Any CPU.ActiveCfg = Debug|Any CPU
		{CF6004F2-8CA1-4291-90FB-BCD78EAF207F}.Debug|Any CPU.Build.0 = Debug|Any CPU
		{CF6004F2-8CA1-4291-90FB-BCD78EAF207F}.Release|Any CPU.ActiveCfg = Release|Any CPU
		{CF6004F2-8CA1-4291-90FB-BCD78EAF207F}.Release|Any CPU.Build.0 = Release|Any CPU
		{42B83159-F7E5-4EE5-A5AE-668BBEE91B7C}.Debug|Any CPU.ActiveCfg = Debug|Any CPU
		{42B83159-F7E5-4EE5-A5AE-668BBEE91B7C}.Debug|Any CPU.Build.0 = Debug|Any CPU
		{42B83159-F7E5-4EE5-A5AE-668BBEE91B7C}.Release|Any CPU.ActiveCfg = Release|Any CPU
		{42B83159-F7E5-4EE5-A5AE-668BBEE91B7C}.Release|Any CPU.Build.0 = Release|Any CPU
		{4E03B860-59F1-4A4A-8D1D-038BA376F92A}.Debug|Any CPU.ActiveCfg = Debug|Any CPU
		{4E03B860-59F1-4A4A-8D1D-038BA376F92A}.Debug|Any CPU.Build.0 = Debug|Any CPU
		{4E03B860-59F1-4A4A-8D1D-038BA376F92A}.Release|Any CPU.ActiveCfg = Release|Any CPU
		{4E03B860-59F1-4A4A-8D1D-038BA376F92A}.Release|Any CPU.Build.0 = Release|Any CPU
		{3D26B29F-DA46-4D79-B296-9DA1CE42FAF3}.Debug|Any CPU.ActiveCfg = Debug|Any CPU
		{3D26B29F-DA46-4D79-B296-9DA1CE42FAF3}.Debug|Any CPU.Build.0 = Debug|Any CPU
		{3D26B29F-DA46-4D79-B296-9DA1CE42FAF3}.Release|Any CPU.ActiveCfg = Release|Any CPU
		{3D26B29F-DA46-4D79-B296-9DA1CE42FAF3}.Release|Any CPU.Build.0 = Release|Any CPU
		{8589D1D6-6EE5-440E-A994-3B41FF810C52}.Debug|Any CPU.ActiveCfg = Debug|Any CPU
		{8589D1D6-6EE5-440E-A994-3B41FF810C52}.Debug|Any CPU.Build.0 = Debug|Any CPU
		{8589D1D6-6EE5-440E-A994-3B41FF810C52}.Release|Any CPU.ActiveCfg = Release|Any CPU
		{8589D1D6-6EE5-440E-A994-3B41FF810C52}.Release|Any CPU.Build.0 = Release|Any CPU
		{574EEBB7-DAD8-4A13-AD91-62DD88E57F5F}.Debug|Any CPU.ActiveCfg = Debug|Any CPU
		{574EEBB7-DAD8-4A13-AD91-62DD88E57F5F}.Debug|Any CPU.Build.0 = Debug|Any CPU
		{574EEBB7-DAD8-4A13-AD91-62DD88E57F5F}.Release|Any CPU.ActiveCfg = Release|Any CPU
		{574EEBB7-DAD8-4A13-AD91-62DD88E57F5F}.Release|Any CPU.Build.0 = Release|Any CPU
		{C2DA9E2F-7876-4EF8-8345-5D7EA4DE68C4}.Debug|Any CPU.ActiveCfg = Debug|Any CPU
		{C2DA9E2F-7876-4EF8-8345-5D7EA4DE68C4}.Debug|Any CPU.Build.0 = Debug|Any CPU
		{C2DA9E2F-7876-4EF8-8345-5D7EA4DE68C4}.Release|Any CPU.ActiveCfg = Release|Any CPU
		{C2DA9E2F-7876-4EF8-8345-5D7EA4DE68C4}.Release|Any CPU.Build.0 = Release|Any CPU
		{6264FC49-A55B-4A25-9807-2B950C911AC5}.Debug|Any CPU.ActiveCfg = Debug|Any CPU
		{6264FC49-A55B-4A25-9807-2B950C911AC5}.Debug|Any CPU.Build.0 = Debug|Any CPU
		{6264FC49-A55B-4A25-9807-2B950C911AC5}.Release|Any CPU.ActiveCfg = Release|Any CPU
		{6264FC49-A55B-4A25-9807-2B950C911AC5}.Release|Any CPU.Build.0 = Release|Any CPU
		{1EFABDA5-7F32-4136-93B9-968519F5EA05}.Debug|Any CPU.ActiveCfg = Debug|Any CPU
		{1EFABDA5-7F32-4136-93B9-968519F5EA05}.Debug|Any CPU.Build.0 = Debug|Any CPU
		{1EFABDA5-7F32-4136-93B9-968519F5EA05}.Release|Any CPU.ActiveCfg = Release|Any CPU
		{1EFABDA5-7F32-4136-93B9-968519F5EA05}.Release|Any CPU.Build.0 = Release|Any CPU
		{F5D37112-F628-457B-8C8B-F5BB2B640084}.Debug|Any CPU.ActiveCfg = Debug|Any CPU
		{F5D37112-F628-457B-8C8B-F5BB2B640084}.Debug|Any CPU.Build.0 = Debug|Any CPU
		{F5D37112-F628-457B-8C8B-F5BB2B640084}.Release|Any CPU.ActiveCfg = Release|Any CPU
		{F5D37112-F628-457B-8C8B-F5BB2B640084}.Release|Any CPU.Build.0 = Release|Any CPU
		{985AEE69-D9DA-422E-A577-AE86B24D1959}.Debug|Any CPU.ActiveCfg = Debug|Any CPU
		{985AEE69-D9DA-422E-A577-AE86B24D1959}.Debug|Any CPU.Build.0 = Debug|Any CPU
		{985AEE69-D9DA-422E-A577-AE86B24D1959}.Release|Any CPU.ActiveCfg = Release|Any CPU
		{985AEE69-D9DA-422E-A577-AE86B24D1959}.Release|Any CPU.Build.0 = Release|Any CPU
		{B305662E-A17A-45C5-8852-605849EE1BB2}.Debug|Any CPU.ActiveCfg = Debug|Any CPU
		{B305662E-A17A-45C5-8852-605849EE1BB2}.Debug|Any CPU.Build.0 = Debug|Any CPU
		{B305662E-A17A-45C5-8852-605849EE1BB2}.Release|Any CPU.ActiveCfg = Release|Any CPU
		{B305662E-A17A-45C5-8852-605849EE1BB2}.Release|Any CPU.Build.0 = Release|Any CPU
		{9DCFD58D-5A13-4591-B8EC-CE97D0C740A9}.Debug|Any CPU.ActiveCfg = Debug|Any CPU
		{9DCFD58D-5A13-4591-B8EC-CE97D0C740A9}.Debug|Any CPU.Build.0 = Debug|Any CPU
		{9DCFD58D-5A13-4591-B8EC-CE97D0C740A9}.Release|Any CPU.ActiveCfg = Release|Any CPU
		{9DCFD58D-5A13-4591-B8EC-CE97D0C740A9}.Release|Any CPU.Build.0 = Release|Any CPU
		{13CA492D-B9D5-461D-BA52-8BAFEDAF3D53}.Debug|Any CPU.ActiveCfg = Debug|Any CPU
		{13CA492D-B9D5-461D-BA52-8BAFEDAF3D53}.Debug|Any CPU.Build.0 = Debug|Any CPU
		{13CA492D-B9D5-461D-BA52-8BAFEDAF3D53}.Release|Any CPU.ActiveCfg = Release|Any CPU
		{13CA492D-B9D5-461D-BA52-8BAFEDAF3D53}.Release|Any CPU.Build.0 = Release|Any CPU
		{CEBBC974-BCD2-42E1-914A-3D15FF95C0EA}.Debug|Any CPU.ActiveCfg = Debug|Any CPU
		{CEBBC974-BCD2-42E1-914A-3D15FF95C0EA}.Debug|Any CPU.Build.0 = Debug|Any CPU
		{CEBBC974-BCD2-42E1-914A-3D15FF95C0EA}.Release|Any CPU.ActiveCfg = Release|Any CPU
		{CEBBC974-BCD2-42E1-914A-3D15FF95C0EA}.Release|Any CPU.Build.0 = Release|Any CPU
		{5C252D7D-621D-43EF-AD1F-714B0FA24D8D}.Debug|Any CPU.ActiveCfg = Debug|Any CPU
		{5C252D7D-621D-43EF-AD1F-714B0FA24D8D}.Debug|Any CPU.Build.0 = Debug|Any CPU
		{5C252D7D-621D-43EF-AD1F-714B0FA24D8D}.Release|Any CPU.ActiveCfg = Release|Any CPU
		{5C252D7D-621D-43EF-AD1F-714B0FA24D8D}.Release|Any CPU.Build.0 = Release|Any CPU
		{115B67FD-66BF-4C98-B4AE-58E45CFF9CF8}.Debug|Any CPU.ActiveCfg = Debug|Any CPU
		{115B67FD-66BF-4C98-B4AE-58E45CFF9CF8}.Debug|Any CPU.Build.0 = Debug|Any CPU
		{115B67FD-66BF-4C98-B4AE-58E45CFF9CF8}.Release|Any CPU.ActiveCfg = Release|Any CPU
		{115B67FD-66BF-4C98-B4AE-58E45CFF9CF8}.Release|Any CPU.Build.0 = Release|Any CPU
		{24C56EBB-6BD2-4C3D-BA93-1AFC66BD76F7}.Debug|Any CPU.ActiveCfg = Debug|Any CPU
		{24C56EBB-6BD2-4C3D-BA93-1AFC66BD76F7}.Debug|Any CPU.Build.0 = Debug|Any CPU
		{24C56EBB-6BD2-4C3D-BA93-1AFC66BD76F7}.Release|Any CPU.ActiveCfg = Release|Any CPU
		{24C56EBB-6BD2-4C3D-BA93-1AFC66BD76F7}.Release|Any CPU.Build.0 = Release|Any CPU
		{EB2CE49B-47F2-4997-9E36-18A302A470E3}.Debug|Any CPU.ActiveCfg = Debug|Any CPU
		{EB2CE49B-47F2-4997-9E36-18A302A470E3}.Debug|Any CPU.Build.0 = Debug|Any CPU
		{EB2CE49B-47F2-4997-9E36-18A302A470E3}.Release|Any CPU.ActiveCfg = Release|Any CPU
		{EB2CE49B-47F2-4997-9E36-18A302A470E3}.Release|Any CPU.Build.0 = Release|Any CPU
		{0CAB13B2-B1BF-499A-B052-6F498144DCE3}.Debug|Any CPU.ActiveCfg = Debug|Any CPU
		{0CAB13B2-B1BF-499A-B052-6F498144DCE3}.Debug|Any CPU.Build.0 = Debug|Any CPU
		{0CAB13B2-B1BF-499A-B052-6F498144DCE3}.Release|Any CPU.ActiveCfg = Release|Any CPU
		{0CAB13B2-B1BF-499A-B052-6F498144DCE3}.Release|Any CPU.Build.0 = Release|Any CPU
	EndGlobalSection
	GlobalSection(SolutionProperties) = preSolution
		HideSolutionNode = FALSE
	EndGlobalSection
	GlobalSection(NestedProjects) = preSolution
		{BF02D674-B809-491B-958A-16EB9D3C1E19} = {1BA4BABF-26EA-463A-ADEB-E835EB0D1FBA}
		{A223D239-304A-4309-A719-679445EEB831} = {1BA4BABF-26EA-463A-ADEB-E835EB0D1FBA}
		{78B4DE71-DDBC-47EC-B9A2-694DC752A93F} = {1BA4BABF-26EA-463A-ADEB-E835EB0D1FBA}
		{98B68D65-C205-418B-B4CF-37C798DA6766} = {1BA4BABF-26EA-463A-ADEB-E835EB0D1FBA}
		{F3C23BAF-8299-4FF5-985D-68D6D64135BD} = {1BA4BABF-26EA-463A-ADEB-E835EB0D1FBA}
		{E0AEFCE8-4886-4790-B62F-0392494D3574} = {12D77885-3110-4BF5-8959-8040702A82D7}
		{0633402C-1931-4B69-864E-CDDFCAF57045} = {12D77885-3110-4BF5-8959-8040702A82D7}
		{4851C9BE-8CB2-4FB4-A05F-987ADEEF5C56} = {12D77885-3110-4BF5-8959-8040702A82D7}
		{DE065552-F5CC-46E4-9F37-BA82F51BF1DA} = {26A89709-DB2E-4537-B625-266D38BC285E}
		{F0EEB465-1C2E-4D7A-9CEA-807449B5DDAD} = {26A89709-DB2E-4537-B625-266D38BC285E}
		{26A89709-DB2E-4537-B625-266D38BC285E} = {8B79DAC1-FE4A-4F69-8B60-5C53B9458ED2}
		{A408BD0F-0830-4051-AE02-FE2739088CB9} = {26A89709-DB2E-4537-B625-266D38BC285E}
		{2667EBB2-EF62-4E7D-A541-C82CF7696A8C} = {8B79DAC1-FE4A-4F69-8B60-5C53B9458ED2}
		{C0D86488-EEBC-4EB5-873F-5A8D2565022B} = {2667EBB2-EF62-4E7D-A541-C82CF7696A8C}
		{4F7C1393-A125-4D63-BE2F-9C8D25150BFF} = {2667EBB2-EF62-4E7D-A541-C82CF7696A8C}
		{1747B0BC-185E-4209-9646-605CB9D9CC49} = {2667EBB2-EF62-4E7D-A541-C82CF7696A8C}
		{D1F4A460-3C84-478E-B670-387022BF0003} = {2667EBB2-EF62-4E7D-A541-C82CF7696A8C}
		{35D465A1-0126-450D-AF89-198A83475118} = {12D77885-3110-4BF5-8959-8040702A82D7}
		{F5AE9D4C-F7D6-4FCC-B238-20BAA27EE9FF} = {12D77885-3110-4BF5-8959-8040702A82D7}
		{2A044045-3CCE-40DB-A300-8267C2F669DA} = {CA9AC99B-1589-4625-BB05-2A4EBDD70136}
		{1FE14A22-58C9-45EC-92DE-32560F43DDE2} = {CA9AC99B-1589-4625-BB05-2A4EBDD70136}
		{CCB39E5F-12B1-492D-AD91-922BEA389710} = {CA9AC99B-1589-4625-BB05-2A4EBDD70136}
		{ACC0918A-7623-49E2-90C5-25695F26F7DF} = {CA9AC99B-1589-4625-BB05-2A4EBDD70136}
		{A512EF3B-5D3E-4909-BDA7-5D17106C2550} = {CA9AC99B-1589-4625-BB05-2A4EBDD70136}
		{501D4D36-3A12-4D94-9372-33188482453A} = {8B79DAC1-FE4A-4F69-8B60-5C53B9458ED2}
		{04CA4F5B-53CD-49D3-9F85-F4653AAA1AA8} = {501D4D36-3A12-4D94-9372-33188482453A}
		{F7F4AD05-3942-4B07-A87F-CF22E39BF74E} = {501D4D36-3A12-4D94-9372-33188482453A}
		{E79EEB88-7522-49E0-96BC-F81DC0A02D49} = {8B79DAC1-FE4A-4F69-8B60-5C53B9458ED2}
		{87A62436-09EB-4984-9ADD-04D0B2CA5DB4} = {E79EEB88-7522-49E0-96BC-F81DC0A02D49}
		{4D28CA4E-2919-4978-80F2-45A40D1B130F} = {E79EEB88-7522-49E0-96BC-F81DC0A02D49}
		{0800055B-13ED-4158-9099-1F2EEF7267D0} = {E79EEB88-7522-49E0-96BC-F81DC0A02D49}
		{7748FB79-514D-43FD-96C2-23884DDEC58A} = {E79EEB88-7522-49E0-96BC-F81DC0A02D49}
		{6DD363A6-41A5-4867-9D06-8844CEFA58AA} = {E79EEB88-7522-49E0-96BC-F81DC0A02D49}
		{C2107FCF-DDE1-434C-94DA-8F2FED31AD9F} = {5542588D-47E8-484B-8236-ECAD1ED8B13C}
		{AC358F56-81D7-462E-BB7D-FA4200C806EE} = {5542588D-47E8-484B-8236-ECAD1ED8B13C}
		{ED092F72-3B49-406F-A3A5-AB62570654D6} = {5542588D-47E8-484B-8236-ECAD1ED8B13C}
		{242009B2-C3D6-4DFB-B20E-952313C9D127} = {5D96F860-6B28-4185-8E4B-426854F8C86D}
		{8C8EE9BD-B084-468E-8CBC-FB5A4F9C212A} = {5D96F860-6B28-4185-8E4B-426854F8C86D}
		{B270E773-34C9-40E4-8895-26FCFC86B6BE} = {5D96F860-6B28-4185-8E4B-426854F8C86D}
		{8468C457-836A-43FE-A9C0-CAEB457DCE75} = {3D08E3F6-D3D5-4E86-A4C2-239BD93B1891}
		{031BCB0C-967F-4711-B94C-91389F559418} = {3D08E3F6-D3D5-4E86-A4C2-239BD93B1891}
		{2DC3BD17-AAB6-45AC-8E92-3A4E9DF3115F} = {3D08E3F6-D3D5-4E86-A4C2-239BD93B1891}
		{8823BED8-0A01-4352-AEEE-A981000C3E6C} = {E44188A0-B046-4F8D-92E9-3EF46938C69C}
		{52296DE2-BAB5-4E31-8CEF-EA86EF37D6A7} = {E44188A0-B046-4F8D-92E9-3EF46938C69C}
		{55D378EF-9E0F-4EBE-AB30-0810E9642827} = {E44188A0-B046-4F8D-92E9-3EF46938C69C}
		{56DC1DFC-051E-4176-997A-420B038B7D19} = {DCE261AE-D569-4E96-B972-8FFEDE935F9E}
		{3C01E704-F7F4-412A-AA66-6E81BEDCC551} = {DCE261AE-D569-4E96-B972-8FFEDE935F9E}
		{A793F195-78D5-4CEF-A1AF-F3EC8083A5A9} = {8B0F3506-6C16-4E7E-92AB-B39340FDF4DC}
		{464B3C1E-7F31-4995-B530-A78D271DD54B} = {8B0F3506-6C16-4E7E-92AB-B39340FDF4DC}
		{2783E60F-3209-410E-8ADD-89A4727DA239} = {8B0F3506-6C16-4E7E-92AB-B39340FDF4DC}
		{C08D2480-47CD-46F3-BC0F-6E3A23035428} = {8B0F3506-6C16-4E7E-92AB-B39340FDF4DC}
		{261A95E8-677E-40B6-9DD7-F15E76533B31} = {8B0F3506-6C16-4E7E-92AB-B39340FDF4DC}
		{7C2A0274-77EA-4D4D-97BB-A330A3675FBC} = {3B90443B-A7E5-442B-821D-06A56F166A69}
		{D53C7626-2FBB-4CBF-92DB-EB05687C7596} = {3B90443B-A7E5-442B-821D-06A56F166A69}
		{C73F88A8-E09C-490D-B7B1-1DF2780E3319} = {3B90443B-A7E5-442B-821D-06A56F166A69}
		{E8D16871-EF4C-4283-A075-61CF233D15CC} = {3B90443B-A7E5-442B-821D-06A56F166A69}
		{A15AC75E-5278-48CF-9312-A0A2A2DE2E5F} = {3B90443B-A7E5-442B-821D-06A56F166A69}
		{13FB3BDD-5F0B-4136-89BF-D2F0164329B2} = {AD3F555A-D1DF-43B6-92EA-7C0E2EB646CB}
		{095B871E-8DE9-4826-9569-4826A8EEA549} = {AD3F555A-D1DF-43B6-92EA-7C0E2EB646CB}
		{45475F18-876F-4BCC-A98F-1FDD7CCAD2E1} = {AD3F555A-D1DF-43B6-92EA-7C0E2EB646CB}
		{2749D4FC-715F-42E6-B94A-7F2AA388C552} = {AD3F555A-D1DF-43B6-92EA-7C0E2EB646CB}
		{E5338045-2690-43E4-9CE9-D06D848437EA} = {AD3F555A-D1DF-43B6-92EA-7C0E2EB646CB}
		{E7F3453D-7312-40A6-B05B-33653EB55C47} = {5542588D-47E8-484B-8236-ECAD1ED8B13C}
		{21A01320-8874-4319-937E-6EED593BAA2A} = {5542588D-47E8-484B-8236-ECAD1ED8B13C}
		{8491409A-7DCB-472E-A732-5D30D543D4CB} = {5D96F860-6B28-4185-8E4B-426854F8C86D}
		{FC78067F-5470-4B0C-A71E-3782D702BEEC} = {5D96F860-6B28-4185-8E4B-426854F8C86D}
		{435242E7-A67A-490C-BA50-0830B418E370} = {3D08E3F6-D3D5-4E86-A4C2-239BD93B1891}
		{A8FE79DB-D8B8-4150-B66C-B6824B16C027} = {3D08E3F6-D3D5-4E86-A4C2-239BD93B1891}
		{8DCCBB0E-C166-48AE-89A7-8848D7ECED90} = {E44188A0-B046-4F8D-92E9-3EF46938C69C}
		{408EEB8F-7FEE-4EAD-BCFB-CB44BB2599E8} = {E44188A0-B046-4F8D-92E9-3EF46938C69C}
		{8B7277E0-2444-47C3-9146-E101C5D4CE02} = {DCE261AE-D569-4E96-B972-8FFEDE935F9E}
		{9C3BC776-4B7B-4746-8623-F9096BDBA3A6} = {DCE261AE-D569-4E96-B972-8FFEDE935F9E}
		{91E6AC11-5DD7-4F4C-BF06-B572E2BA84A6} = {DCE261AE-D569-4E96-B972-8FFEDE935F9E}
		{CF6004F2-8CA1-4291-90FB-BCD78EAF207F} = {9DF1F176-E05E-43D6-A492-12B8C6BDD6FA}
		{42B83159-F7E5-4EE5-A5AE-668BBEE91B7C} = {9DF1F176-E05E-43D6-A492-12B8C6BDD6FA}
		{4E03B860-59F1-4A4A-8D1D-038BA376F92A} = {9DF1F176-E05E-43D6-A492-12B8C6BDD6FA}
		{3D26B29F-DA46-4D79-B296-9DA1CE42FAF3} = {9DF1F176-E05E-43D6-A492-12B8C6BDD6FA}
		{8589D1D6-6EE5-440E-A994-3B41FF810C52} = {9DF1F176-E05E-43D6-A492-12B8C6BDD6FA}
		{574EEBB7-DAD8-4A13-AD91-62DD88E57F5F} = {91D3E402-DAE5-4985-A92B-8353C2C5EB2B}
		{C2DA9E2F-7876-4EF8-8345-5D7EA4DE68C4} = {91D3E402-DAE5-4985-A92B-8353C2C5EB2B}
		{6264FC49-A55B-4A25-9807-2B950C911AC5} = {91D3E402-DAE5-4985-A92B-8353C2C5EB2B}
		{1EFABDA5-7F32-4136-93B9-968519F5EA05} = {91D3E402-DAE5-4985-A92B-8353C2C5EB2B}
		{F5D37112-F628-457B-8C8B-F5BB2B640084} = {91D3E402-DAE5-4985-A92B-8353C2C5EB2B}
		{985AEE69-D9DA-422E-A577-AE86B24D1959} = {DC33562A-DA9A-447C-9D5F-85A51954273F}
		{B305662E-A17A-45C5-8852-605849EE1BB2} = {DC33562A-DA9A-447C-9D5F-85A51954273F}
		{9DCFD58D-5A13-4591-B8EC-CE97D0C740A9} = {DC33562A-DA9A-447C-9D5F-85A51954273F}
		{13CA492D-B9D5-461D-BA52-8BAFEDAF3D53} = {DC33562A-DA9A-447C-9D5F-85A51954273F}
		{CEBBC974-BCD2-42E1-914A-3D15FF95C0EA} = {DC33562A-DA9A-447C-9D5F-85A51954273F}
		{5C252D7D-621D-43EF-AD1F-714B0FA24D8D} = {62CB77A3-1726-410C-AB9B-0A53AC08D675}
		{115B67FD-66BF-4C98-B4AE-58E45CFF9CF8} = {62CB77A3-1726-410C-AB9B-0A53AC08D675}
		{24C56EBB-6BD2-4C3D-BA93-1AFC66BD76F7} = {62CB77A3-1726-410C-AB9B-0A53AC08D675}
		{EB2CE49B-47F2-4997-9E36-18A302A470E3} = {62CB77A3-1726-410C-AB9B-0A53AC08D675}
		{0CAB13B2-B1BF-499A-B052-6F498144DCE3} = {62CB77A3-1726-410C-AB9B-0A53AC08D675}
	EndGlobalSection
EndGlobal
